
Microsoft Visual Studio Solution File, Format Version 12.00
# Visual Studio Version 17
VisualStudioVersion = 17.0.31521.260
MinimumVisualStudioVersion = 10.0.40219.1
Project("{8BC9CEB8-8B4A-11D0-8D11-00A0C91BC942}") = "week2", "week2\week2.vcxproj", "{B9D8B610-12B0-4249-A4AF-2174F5EDB78A}"
EndProject
Project("{8BC9CEB8-8B4A-11D0-8D11-00A0C91BC942}") = "week3", "week3\week3.vcxproj", "{7485260B-C545-4132-9482-6DA07DA3D390}"
EndProject
Project("{8BC9CEB8-8B4A-11D0-8D11-00A0C91BC942}") = "week 4", "week 4\week 4.vcxproj", "{7602AB59-90B7-4DC8-9851-FEDD57477AEA}"
EndProject
Project("{8BC9CEB8-8B4A-11D0-8D11-00A0C91BC942}") = "week5", "week5\week5.vcxproj", "{C4696992-857F-4CE2-8FF8-0C4D14F8E16A}"
EndProject
Global
	GlobalSection(SolutionConfigurationPlatforms) = preSolution
		Debug|x64 = Debug|x64
		Debug|x86 = Debug|x86
		Release|x64 = Release|x64
		Release|x86 = Release|x86
	EndGlobalSection
	GlobalSection(ProjectConfigurationPlatforms) = postSolution
		{B9D8B610-12B0-4249-A4AF-2174F5EDB78A}.Debug|x64.ActiveCfg = Debug|x64
		{B9D8B610-12B0-4249-A4AF-2174F5EDB78A}.Debug|x64.Build.0 = Debug|x64
		{B9D8B610-12B0-4249-A4AF-2174F5EDB78A}.Debug|x86.ActiveCfg = Debug|Win32
		{B9D8B610-12B0-4249-A4AF-2174F5EDB78A}.Debug|x86.Build.0 = Debug|Win32
		{B9D8B610-12B0-4249-A4AF-2174F5EDB78A}.Release|x64.ActiveCfg = Release|x64
		{B9D8B610-12B0-4249-A4AF-2174F5EDB78A}.Release|x64.Build.0 = Release|x64
		{B9D8B610-12B0-4249-A4AF-2174F5EDB78A}.Release|x86.ActiveCfg = Release|Win32
		{B9D8B610-12B0-4249-A4AF-2174F5EDB78A}.Release|x86.Build.0 = Release|Win32
		{7485260B-C545-4132-9482-6DA07DA3D390}.Debug|x64.ActiveCfg = Debug|x64
		{7485260B-C545-4132-9482-6DA07DA3D390}.Debug|x64.Build.0 = Debug|x64
		{7485260B-C545-4132-9482-6DA07DA3D390}.Debug|x86.ActiveCfg = Debug|Win32
		{7485260B-C545-4132-9482-6DA07DA3D390}.Debug|x86.Build.0 = Debug|Win32
		{7485260B-C545-4132-9482-6DA07DA3D390}.Release|x64.ActiveCfg = Release|x64
		{7485260B-C545-4132-9482-6DA07DA3D390}.Release|x64.Build.0 = Release|x64
		{7485260B-C545-4132-9482-6DA07DA3D390}.Release|x86.ActiveCfg = Release|Win32
		{7485260B-C545-4132-9482-6DA07DA3D390}.Release|x86.Build.0 = Release|Win32
		{7602AB59-90B7-4DC8-9851-FEDD57477AEA}.Debug|x64.ActiveCfg = Debug|x64
		{7602AB59-90B7-4DC8-9851-FEDD57477AEA}.Debug|x64.Build.0 = Debug|x64
		{7602AB59-90B7-4DC8-9851-FEDD57477AEA}.Debug|x86.ActiveCfg = Debug|Win32
		{7602AB59-90B7-4DC8-9851-FEDD57477AEA}.Debug|x86.Build.0 = Debug|Win32
		{7602AB59-90B7-4DC8-9851-FEDD57477AEA}.Release|x64.ActiveCfg = Release|x64
		{7602AB59-90B7-4DC8-9851-FEDD57477AEA}.Release|x64.Build.0 = Release|x64
		{7602AB59-90B7-4DC8-9851-FEDD57477AEA}.Release|x86.ActiveCfg = Release|Win32
		{7602AB59-90B7-4DC8-9851-FEDD57477AEA}.Release|x86.Build.0 = Release|Win32
		{C4696992-857F-4CE2-8FF8-0C4D14F8E16A}.Debug|x64.ActiveCfg = Debug|x64
		{C4696992-857F-4CE2-8FF8-0C4D14F8E16A}.Debug|x64.Build.0 = Debug|x64
		{C4696992-857F-4CE2-8FF8-0C4D14F8E16A}.Debug|x86.ActiveCfg = Debug|Win32
		{C4696992-857F-4CE2-8FF8-0C4D14F8E16A}.Debug|x86.Build.0 = Debug|Win32
		{C4696992-857F-4CE2-8FF8-0C4D14F8E16A}.Release|x64.ActiveCfg = Release|x64
		{C4696992-857F-4CE2-8FF8-0C4D14F8E16A}.Release|x64.Build.0 = Release|x64
		{C4696992-857F-4CE2-8FF8-0C4D14F8E16A}.Release|x86.ActiveCfg = Release|Win32
		{C4696992-857F-4CE2-8FF8-0C4D14F8E16A}.Release|x86.Build.0 = Release|Win32
	EndGlobalSection
	GlobalSection(SolutionProperties) = preSolution
		HideSolutionNode = FALSE
	EndGlobalSection
	GlobalSection(ExtensibilityGlobals) = postSolution
		SolutionGuid = {64900C37-50CF-4649-A3E7-19653B60A2AF}
	EndGlobalSection
EndGlobal
